{
    "name": "vital-signs-ecs",
    "version": "0.0.4",
    "lockfileVersion": 2,
    "requires": true,
    "packages": {
        "": {
            "name": "vital-signs-ecs",
            "version": "0.0.4",
            "license": "MIT",
            "dependencies": {
                "@stencil/core": "^1.3.3",
                "chart.js": "^3.2.1"
            }
        },
        "node_modules/@stencil/core": {
            "version": "1.17.4",
            "resolved": "https://registry.npmjs.org/@stencil/core/-/core-1.17.4.tgz",
            "integrity": "sha512-dmuNYM6fnHPvE2ptHoUBQtjcpXqrHnkDtdyUD6/JrZWcJt6jBtrykewObOxzpDCMLs+NT7668ussRagdVL03gQ==",
            "dependencies": {
                "typescript": "3.9.7"
            },
            "bin": {
                "stencil": "bin/stencil"
            },
            "engines": {
                "node": ">=10.13.0",
                "npm": ">=6.0.0"
            }
        },
        "node_modules/chart.js": {
            "version": "3.2.1",
            "resolved": "https://registry.npmjs.org/chart.js/-/chart.js-3.2.1.tgz",
            "integrity": "sha512-XsNDf3854RGZkLCt+5vWAXGAtUdKP2nhfikLGZqud6G4CvRE2ts64TIxTTfspOin2kEZvPgomE29E6oU02dYjQ=="
        },
        "node_modules/typescript": {
            "version": "3.9.7",
            "resolved": "https://registry.npmjs.org/typescript/-/typescript-3.9.7.tgz",
            "integrity": "sha512-BLbiRkiBzAwsjut4x/dsibSTB6yWpwT5qWmC2OfuCg3GgVQCSgMs4vEctYPhsaGtd0AeuuHMkjZ2h2WG8MSzRw==",
            "bin": {
                "tsc": "bin/tsc",
                "tsserver": "bin/tsserver"
            },
            "engines": {
                "node": ">=4.2.0"
            }
        }
    },
    "dependencies": {
        "@stencil/core": {
            "version": "1.17.4",
            "resolved": "https://registry.npmjs.org/@stencil/core/-/core-1.17.4.tgz",
            "integrity": "sha512-dmuNYM6fnHPvE2ptHoUBQtjcpXqrHnkDtdyUD6/JrZWcJt6jBtrykewObOxzpDCMLs+NT7668ussRagdVL03gQ==",
            "requires": {
                "typescript": "3.9.7"
            }
        },
        "chart.js": {
            "version": "3.2.1",
            "resolved": "https://registry.npmjs.org/chart.js/-/chart.js-3.2.1.tgz",
            "integrity": "sha512-XsNDf3854RGZkLCt+5vWAXGAtUdKP2nhfikLGZqud6G4CvRE2ts64TIxTTfspOin2kEZvPgomE29E6oU02dYjQ=="
        },
        "typescript": {
            "version": "3.9.7",
            "resolved": "https://registry.npmjs.org/typescript/-/typescript-3.9.7.tgz",
            "integrity": "sha512-BLbiRkiBzAwsjut4x/dsibSTB6yWpwT5qWmC2OfuCg3GgVQCSgMs4vEctYPhsaGtd0AeuuHMkjZ2h2WG8MSzRw=="
        }
    }
}
